# THIS IS AN AUTOGENERATED FILE. DO NOT EDIT THIS FILE DIRECTLY.
# yarn lockfile v1


"@antv/adjust@~0.1.1":
  version "0.1.1"
  resolved "https://registry.npm.taobao.org/@antv/adjust/download/@antv/adjust-0.1.1.tgz#e263ab0e1a1941a648842fc086cf65a7e3b75e98"
  integrity sha1-4mOrDhoZQaZIhC/Ahs9lp+O3Xpg=
  dependencies:
    "@antv/util" "~1.3.1"

"@antv/f2@^3.7.7":
  version "3.7.7"
  resolved "https://registry.npm.taobao.org/@antv/f2/download/@antv/f2-3.7.7.tgz#dedb1a00c10a69b13b03e9a15c616c4cc815c0b0"
  integrity sha1-3tsaAMEKabE7A+mhXGFsTMgVwLA=
  dependencies:
    "@antv/adjust" "~0.1.1"
    "@antv/scale" "~0.3.3"
    "@antv/util" "~2.0.6"
    "@babel/runtime" "^7.7.7"
    "@types/hammerjs" "^2.0.36"
    hammerjs "^2.0.8"
    type-fest "^0.15.1"

"@antv/gl-matrix@^2.7.1":
  version "2.7.1"
  resolved "https://registry.npm.taobao.org/@antv/gl-matrix/download/@antv/gl-matrix-2.7.1.tgz#acb8e37f7ab3df01345aba4372d7942be42eba14"
  integrity sha1-rLjjf3qz3wE0WrpDcteUK+QuuhQ=

"@antv/scale@~0.3.3":
  version "0.3.4"
  resolved "https://registry.npm.taobao.org/@antv/scale/download/@antv/scale-0.3.4.tgz#fedfdaedfd3e45a0f43bf786e84967375d89dfae"
  integrity sha1-/t/a7f0+RaD0O/eG6ElnN12J364=
  dependencies:
    "@antv/util" "~2.0.3"
    fecha "~4.2.0"
    tslib "^2.0.0"

"@antv/util@~1.3.1":
  version "1.3.1"
  resolved "https://registry.npm.taobao.org/@antv/util/download/@antv/util-1.3.1.tgz#30a34b201ff9126ec0d58c72c8166a9c3e644ccd"
  integrity sha1-MKNLIB/5Em7A1YxyyBZqnD5kTM0=
  dependencies:
    "@antv/gl-matrix" "^2.7.1"

"@antv/util@~2.0.3", "@antv/util@~2.0.6":
  version "2.0.9"
  resolved "https://registry.npm.taobao.org/@antv/util/download/@antv/util-2.0.9.tgz#bd3e296a392e11fbe2781fde39d8e70ba1c53ed0"
  integrity sha1-vT4pajkuEfvieB/eOdjnC6HFPtA=
  dependencies:
    tslib "^1.10.0"

"@babel/runtime@^7.7.7":
  version "7.11.2"
  resolved "https://registry.npm.taobao.org/@babel/runtime/download/@babel/runtime-7.11.2.tgz?cache=0&sync_timestamp=1596637900760&other_urls=https%3A%2F%2Fregistry.npm.taobao.org%2F%40babel%2Fruntime%2Fdownload%2F%40babel%2Fruntime-7.11.2.tgz#f549c13c754cc40b87644b9fa9f09a6a95fe0736"
  integrity sha1-9UnBPHVMxAuHZEufqfCaapX+BzY=
  dependencies:
    regenerator-runtime "^0.13.4"

"@types/hammerjs@^2.0.36":
  version "2.0.36"
  resolved "https://registry.npm.taobao.org/@types/hammerjs/download/@types/hammerjs-2.0.36.tgz#17ce0a235e9ffbcdcdf5095646b374c2bf615a4c"
  integrity sha1-F84KI16f+83N9QlWRrN0wr9hWkw=

core-js@^3.4.4:
  version "3.6.5"
  resolved "https://registry.npm.taobao.org/core-js/download/core-js-3.6.5.tgz#7395dc273af37fb2e50e9bd3d9fe841285231d1a"
  integrity sha1-c5XcJzrzf7LlDpvT2f6EEoUjHRo=

echarts@^4.9.0:
  version "4.9.0"
  resolved "https://registry.npm.taobao.org/echarts/download/echarts-4.9.0.tgz#a9b9baa03f03a2a731e6340c55befb57a9e1347d"
  integrity sha1-qbm6oD8Doqcx5jQMVb77V6nhNH0=
  dependencies:
    zrender "4.3.2"

fecha@~4.2.0:
  version "4.2.0"
  resolved "https://registry.npm.taobao.org/fecha/download/fecha-4.2.0.tgz#3ffb6395453e3f3efff850404f0a59b6747f5f41"
  integrity sha1-P/tjlUU+Pz7/+FBATwpZtnR/X0E=

hammerjs@^2.0.8:
  version "2.0.8"
  resolved "https://registry.npm.taobao.org/hammerjs/download/hammerjs-2.0.8.tgz#04ef77862cff2bb79d30f7692095930222bf60f1"
  integrity sha1-BO93hiz/K7edMPdpIJWTAiK/YPE=

lodash@^4.17.15, lodash@^4.17.20:
  version "4.17.20"
  resolved "https://registry.npm.taobao.org/lodash/download/lodash-4.17.20.tgz?cache=0&sync_timestamp=1597337964525&other_urls=https%3A%2F%2Fregistry.npm.taobao.org%2Flodash%2Fdownload%2Flodash-4.17.20.tgz#b44a9b6297bcb698f1c51a3545a2b3b368d59c52"
  integrity sha1-tEqbYpe8tpjxxRo1RaKzs2jVnFI=

regenerator-runtime@^0.13.4:
  version "0.13.7"
  resolved "https://registry.npm.taobao.org/regenerator-runtime/download/regenerator-runtime-0.13.7.tgz?cache=0&sync_timestamp=1595456331640&other_urls=https%3A%2F%2Fregistry.npm.taobao.org%2Fregenerator-runtime%2Fdownload%2Fregenerator-runtime-0.13.7.tgz#cac2dacc8a1ea675feaabaeb8ae833898ae46f55"
  integrity sha1-ysLazIoepnX+qrrriugziYrkb1U=

resize-detector@^0.1.10:
  version "0.1.10"
  resolved "https://registry.npm.taobao.org/resize-detector/download/resize-detector-0.1.10.tgz#1da3f961aa5f914ccbcfd3752d52fd45beeb692c"
  integrity sha1-HaP5YapfkUzLz9N1LVL9Rb7raSw=

tslib@^1.10.0:
  version "1.14.1"
  resolved "https://registry.npm.taobao.org/tslib/download/tslib-1.14.1.tgz?cache=0&sync_timestamp=1602286717635&other_urls=https%3A%2F%2Fregistry.npm.taobao.org%2Ftslib%2Fdownload%2Ftslib-1.14.1.tgz#cf2d38bdc34a134bcaf1091c41f6619e2f672d00"
  integrity sha1-zy04vcNKE0vK8QkcQfZhni9nLQA=

tslib@^2.0.0:
  version "2.0.3"
  resolved "https://registry.npm.taobao.org/tslib/download/tslib-2.0.3.tgz?cache=0&sync_timestamp=1602286717635&other_urls=https%3A%2F%2Fregistry.npm.taobao.org%2Ftslib%2Fdownload%2Ftslib-2.0.3.tgz#8e0741ac45fc0c226e58a17bfc3e64b9bc6ca61c"
  integrity sha1-jgdBrEX8DCJuWKF7/D5kubxsphw=

type-fest@^0.15.1:
  version "0.15.1"
  resolved "https://registry.npm.taobao.org/type-fest/download/type-fest-0.15.1.tgz#d2c4e73d3e4a53cf1a906396dd460a1c5178ca00"
  integrity sha1-0sTnPT5KU88akGOW3UYKHFF4ygA=

vue-echarts@^5.0.0-beta.0:
  version "5.0.0-beta.0"
  resolved "https://registry.npm.taobao.org/vue-echarts/download/vue-echarts-5.0.0-beta.0.tgz#438dd4b0fc5ccea281709c1f7c6321b05352bdf4"
  integrity sha1-Q43UsPxczqKBcJwffGMhsFNSvfQ=
  dependencies:
    core-js "^3.4.4"
    lodash "^4.17.15"
    resize-detector "^0.1.10"

vue-i18n@^8.20.0:
  version "8.22.0"
  resolved "https://registry.npm.taobao.org/vue-i18n/download/vue-i18n-8.22.0.tgz#6403381a6eab1d229e515a62addb29b2ff3abfed"
  integrity sha1-ZAM4Gm6rHSKeUVpirdspsv86v+0=

zrender@4.3.2:
  version "4.3.2"
  resolved "https://registry.npm.taobao.org/zrender/download/zrender-4.3.2.tgz#ec7432f9415c82c73584b6b7b8c47e1b016209c6"
  integrity sha1-7HQy+UFcgsc1hLa3uMR+GwFiCcY=
